// !$*UTF8*$!
{
	archiveVersion = 1;
	classes = {
	};
	objectVersion = 77;
	objects = {

/* Begin PBXBuildFile section */
		04B80C142DC3BC8E00F2D29B /* TinyTrainer Watch App.app in Embed Watch Content */ = {isa = PBXBuildFile; fileRef = 04B80C132DC3BC8E00F2D29B /* TinyTrainer Watch App.app */; settings = {ATTRIBUTES = (RemoveHeadersOnCopy, ); }; };
/* End PBXBuildFile section */

/* Begin PBXContainerItemProxy section */
		04B80C152DC3BC8E00F2D29B /* PBXContainerItemProxy */ = {
			isa = PBXContainerItemProxy;
			containerPortal = 04B80C072DC3BC8D00F2D29B /* Project object */;
			proxyType = 1;
			remoteGlobalIDString = 04B80C122DC3BC8E00F2D29B;
			remoteInfo = "TinyTrainer Watch App";
		};
		04B80C232DC3BC9100F2D29B /* PBXContainerItemProxy */ = {
			isa = PBXContainerItemProxy;
			containerPortal = 04B80C072DC3BC8D00F2D29B /* Project object */;
			proxyType = 1;
			remoteGlobalIDString = 04B80C122DC3BC8E00F2D29B;
			remoteInfo = "TinyTrainer Watch App";
		};
		04B80C2D2DC3BC9100F2D29B /* PBXContainerItemProxy */ = {
			isa = PBXContainerItemProxy;
			containerPortal = 04B80C072DC3BC8D00F2D29B /* Project object */;
			proxyType = 1;
			remoteGlobalIDString = 04B80C122DC3BC8E00F2D29B;
			remoteInfo = "TinyTrainer Watch App";
		};
/* End PBXContainerItemProxy section */

/* Begin PBXCopyFilesBuildPhase section */
		04B80C392DC3BC9100F2D29B /* Embed Watch Content */ = {
			isa = PBXCopyFilesBuildPhase;
			buildActionMask = 2147483647;
			dstPath = "$(CONTENTS_FOLDER_PATH)/Watch";
			dstSubfolderSpec = 16;
			files = (
				04B80C142DC3BC8E00F2D29B /* TinyTrainer Watch App.app in Embed Watch Content */,
			);
			name = "Embed Watch Content";
			runOnlyForDeploymentPostprocessing = 0;
		};
/* End PBXCopyFilesBuildPhase section */

/* Begin PBXFileReference section */
		04B80C0D2DC3BC8E00F2D29B /* TinyTrainer.app */ = {isa = PBXFileReference; explicitFileType = wrapper.application; includeInIndex = 0; path = TinyTrainer.app; sourceTree = BUILT_PRODUCTS_DIR; };
		04B80C132DC3BC8E00F2D29B /* TinyTrainer Watch App.app */ = {isa = PBXFileReference; explicitFileType = wrapper.application; includeInIndex = 0; path = "TinyTrainer Watch App.app"; sourceTree = BUILT_PRODUCTS_DIR; };
		04B80C222DC3BC9100F2D29B /* TinyTrainer Watch AppTests.xctest */ = {isa = PBXFileReference; explicitFileType = wrapper.cfbundle; includeInIndex = 0; path = "TinyTrainer Watch AppTests.xctest"; sourceTree = BUILT_PRODUCTS_DIR; };
		04B80C2C2DC3BC9100F2D29B /* TinyTrainer Watch AppUITests.xctest */ = {isa = PBXFileReference; explicitFileType = wrapper.cfbundle; includeInIndex = 0; path = "TinyTrainer Watch AppUITests.xctest"; sourceTree = BUILT_PRODUCTS_DIR; };
/* End PBXFileReference section */

/* Begin PBXFileSystemSynchronizedRootGroup section */
		04B80C172DC3BC8E00F2D29B /* TinyTrainer Watch App */ = {
			isa = PBXFileSystemSynchronizedRootGroup;
			path = "TinyTrainer Watch App";
			sourceTree = "<group>";
		};
		04B80C252DC3BC9100F2D29B /* TinyTrainer Watch AppTests */ = {
			isa = PBXFileSystemSynchronizedRootGroup;
			path = "TinyTrainer Watch AppTests";
			sourceTree = "<group>";
		};
		04B80C2F2DC3BC9100F2D29B /* TinyTrainer Watch AppUITests */ = {
			isa = PBXFileSystemSynchronizedRootGroup;
			path = "TinyTrainer Watch AppUITests";
			sourceTree = "<group>";
		};
/* End PBXFileSystemSynchronizedRootGroup section */

/* Begin PBXFrameworksBuildPhase section */
		04B80C102DC3BC8E00F2D29B /* Frameworks */ = {
			isa = PBXFrameworksBuildPhase;
			buildActionMask = 2147483647;
			files = (
			);
			runOnlyForDeploymentPostprocessing = 0;
		};
		04B80C1F2DC3BC9100F2D29B /* Frameworks */ = {
			isa = PBXFrameworksBuildPhase;
			buildActionMask = 2147483647;
			files = (
			);
			runOnlyForDeploymentPostprocessing = 0;
		};
		04B80C292DC3BC9100F2D29B /* Frameworks */ = {
			isa = PBXFrameworksBuildPhase;
			buildActionMask = 2147483647;
			files = (
			);
			runOnlyForDeploymentPostprocessing = 0;
		};
/* End PBXFrameworksBuildPhase section */

/* Begin PBXGroup section */
		04B80C062DC3BC8D00F2D29B = {
			isa = PBXGroup;
			children = (
				04B80C172DC3BC8E00F2D29B /* TinyTrainer Watch App */,
				04B80C252DC3BC9100F2D29B /* TinyTrainer Watch AppTests */,
				04B80C2F2DC3BC9100F2D29B /* TinyTrainer Watch AppUITests */,
				04B80C0E2DC3BC8E00F2D29B /* Products */,
			);
			sourceTree = "<group>";
		};
		04B80C0E2DC3BC8E00F2D29B /* Products */ = {
			isa = PBXGroup;
			children = (
				04B80C0D2DC3BC8E00F2D29B /* TinyTrainer.app */,
				04B80C132DC3BC8E00F2D29B /* TinyTrainer Watch App.app */,
				04B80C222DC3BC9100F2D29B /* TinyTrainer Watch AppTests.xctest */,
				04B80C2C2DC3BC9100F2D29B /* TinyTrainer Watch AppUITests.xctest */,
			);
			name = Products;
			sourceTree = "<group>";
		};
/* End PBXGroup section */

/* Begin PBXNativeTarget section */
		04B80C0C2DC3BC8E00F2D29B /* TinyTrainer */ = {
			isa = PBXNativeTarget;
			buildConfigurationList = 04B80C3A2DC3BC9100F2D29B /* Build configuration list for PBXNativeTarget "TinyTrainer" */;
			buildPhases = (
				04B80C0B2DC3BC8E00F2D29B /* Resources */,
				04B80C392DC3BC9100F2D29B /* Embed Watch Content */,
			);
			buildRules = (
			);
			dependencies = (
				04B80C162DC3BC8E00F2D29B /* PBXTargetDependency */,
			);
			name = TinyTrainer;
			packageProductDependencies = (
			);
			productName = TinyTrainer;
			productReference = 04B80C0D2DC3BC8E00F2D29B /* TinyTrainer.app */;
			productType = "com.apple.product-type.application.watchapp2-container";
		};
		04B80C122DC3BC8E00F2D29B /* TinyTrainer Watch App */ = {
			isa = PBXNativeTarget;
			buildConfigurationList = 04B80C362DC3BC9100F2D29B /* Build configuration list for PBXNativeTarget "TinyTrainer Watch App" */;
			buildPhases = (
				04B80C0F2DC3BC8E00F2D29B /* Sources */,
				04B80C102DC3BC8E00F2D29B /* Frameworks */,
				04B80C112DC3BC8E00F2D29B /* Resources */,
			);
			buildRules = (
			);
			dependencies = (
			);
			fileSystemSynchronizedGroups = (
				04B80C172DC3BC8E00F2D29B /* TinyTrainer Watch App */,
			);
			name = "TinyTrainer Watch App";
			packageProductDependencies = (
			);
			productName = "TinyTrainer Watch App";
			productReference = 04B80C132DC3BC8E00F2D29B /* TinyTrainer Watch App.app */;
			productType = "com.apple.product-type.application";
		};
		04B80C212DC3BC9100F2D29B /* TinyTrainer Watch AppTests */ = {
			isa = PBXNativeTarget;
			buildConfigurationList = 04B80C3D2DC3BC9100F2D29B /* Build configuration list for PBXNativeTarget "TinyTrainer Watch AppTests" */;
			buildPhases = (
				04B80C1E2DC3BC9100F2D29B /* Sources */,
				04B80C1F2DC3BC9100F2D29B /* Frameworks */,
				04B80C202DC3BC9100F2D29B /* Resources */,
			);
			buildRules = (
			);
			dependencies = (
				04B80C242DC3BC9100F2D29B /* PBXTargetDependency */,
			);
			fileSystemSynchronizedGroups = (
				04B80C252DC3BC9100F2D29B /* TinyTrainer Watch AppTests */,
			);
			name = "TinyTrainer Watch AppTests";
			packageProductDependencies = (
			);
			productName = "TinyTrainer Watch AppTests";
			productReference = 04B80C222DC3BC9100F2D29B /* TinyTrainer Watch AppTests.xctest */;
			productType = "com.apple.product-type.bundle.unit-test";
		};
		04B80C2B2DC3BC9100F2D29B /* TinyTrainer Watch AppUITests */ = {
			isa = PBXNativeTarget;
			buildConfigurationList = 04B80C402DC3BC9100F2D29B /* Build configuration list for PBXNativeTarget "TinyTrainer Watch AppUITests" */;
			buildPhases = (
				04B80C282DC3BC9100F2D29B /* Sources */,
				04B80C292DC3BC9100F2D29B /* Frameworks */,
				04B80C2A2DC3BC9100F2D29B /* Resources */,
			);
			buildRules = (
			);
			dependencies = (
				04B80C2E2DC3BC9100F2D29B /* PBXTargetDependency */,
			);
			fileSystemSynchronizedGroups = (
				04B80C2F2DC3BC9100F2D29B /* TinyTrainer Watch AppUITests */,
			);
			name = "TinyTrainer Watch AppUITests";
			packageProductDependencies = (
			);
			productName = "TinyTrainer Watch AppUITests";
			productReference = 04B80C2C2DC3BC9100F2D29B /* TinyTrainer Watch AppUITests.xctest */;
			productType = "com.apple.product-type.bundle.ui-testing";
		};
/* End PBXNativeTarget section */

/* Begin PBXProject section */
		04B80C072DC3BC8D00F2D29B /* Project object */ = {
			isa = PBXProject;
			attributes = {
				BuildIndependentTargetsInParallel = 1;
				LastSwiftUpdateCheck = 1630;
				LastUpgradeCheck = 1630;
				TargetAttributes = {
					04B80C0C2DC3BC8E00F2D29B = {
						CreatedOnToolsVersion = 16.3;
					};
					04B80C122DC3BC8E00F2D29B = {
						CreatedOnToolsVersion = 16.3;
					};
					04B80C212DC3BC9100F2D29B = {
						CreatedOnToolsVersion = 16.3;
						TestTargetID = 04B80C122DC3BC8E00F2D29B;
					};
					04B80C2B2DC3BC9100F2D29B = {
						CreatedOnToolsVersion = 16.3;
						TestTargetID = 04B80C122DC3BC8E00F2D29B;
					};
				};
			};
			buildConfigurationList = 04B80C0A2DC3BC8D00F2D29B /* Build configuration list for PBXProject "TinyTrainer" */;
			developmentRegion = en;
			hasScannedForEncodings = 0;
			knownRegions = (
				en,
				Base,
			);
			mainGroup = 04B80C062DC3BC8D00F2D29B;
			minimizedProjectReferenceProxies = 1;
			preferredProjectObjectVersion = 77;
			productRefGroup = 04B80C0E2DC3BC8E00F2D29B /* Products */;
			projectDirPath = "";
			projectRoot = "";
			targets = (
				04B80C0C2DC3BC8E00F2D29B /* TinyTrainer */,
				04B80C122DC3BC8E00F2D29B /* TinyTrainer Watch App */,
				04B80C212DC3BC9100F2D29B /* TinyTrainer Watch AppTests */,
				04B80C2B2DC3BC9100F2D29B /* TinyTrainer Watch AppUITests */,
			);
		};
/* End PBXProject section */

/* Begin PBXResourcesBuildPhase section */
		04B80C0B2DC3BC8E00F2D29B /* Resources */ = {
			isa = PBXResourcesBuildPhase;
			buildActionMask = 2147483647;
			files = (
			);
			runOnlyForDeploymentPostprocessing = 0;
		};
		04B80C112DC3BC8E00F2D29B /* Resources */ = {
			isa = PBXResourcesBuildPhase;
			buildActionMask = 2147483647;
			files = (
			);
			runOnlyForDeploymentPostprocessing = 0;
		};
		04B80C202DC3BC9100F2D29B /* Resources */ = {
			isa = PBXResourcesBuildPhase;
			buildActionMask = 2147483647;
			files = (
			);
			runOnlyForDeploymentPostprocessing = 0;
		};
		04B80C2A2DC3BC9100F2D29B /* Resources */ = {
			isa = PBXResourcesBuildPhase;
			buildActionMask = 2147483647;
			files = (
			);
			runOnlyForDeploymentPostprocessing = 0;
		};
/* End PBXResourcesBuildPhase section */

/* Begin PBXSourcesBuildPhase section */
		04B80C0F2DC3BC8E00F2D29B /* Sources */ = {
			isa = PBXSourcesBuildPhase;
			buildActionMask = 2147483647;
			files = (
			);
			runOnlyForDeploymentPostprocessing = 0;
		};
		04B80C1E2DC3BC9100F2D29B /* Sources */ = {
			isa = PBXSourcesBuildPhase;
			buildActionMask = 2147483647;
			files = (
			);
			runOnlyForDeploymentPostprocessing = 0;
		};
		04B80C282DC3BC9100F2D29B /* Sources */ = {
			isa = PBXSourcesBuildPhase;
			buildActionMask = 2147483647;
			files = (
			);
			runOnlyForDeploymentPostprocessing = 0;
		};
/* End PBXSourcesBuildPhase section */

/* Begin PBXTargetDependency section */
		04B80C162DC3BC8E00F2D29B /* PBXTargetDependency */ = {
			isa = PBXTargetDependency;
			target = 04B80C122DC3BC8E00F2D29B /* TinyTrainer Watch App */;
			targetProxy = 04B80C152DC3BC8E00F2D29B /* PBXContainerItemProxy */;
		};
		04B80C242DC3BC9100F2D29B /* PBXTargetDependency */ = {
			isa = PBXTargetDependency;
			target = 04B80C122DC3BC8E00F2D29B /* TinyTrainer Watch App */;
			targetProxy = 04B80C232DC3BC9100F2D29B /* PBXContainerItemProxy */;
		};
		04B80C2E2DC3BC9100F2D29B /* PBXTargetDependency */ = {
			isa = PBXTargetDependency;
			target = 04B80C122DC3BC8E00F2D29B /* TinyTrainer Watch App */;
			targetProxy = 04B80C2D2DC3BC9100F2D29B /* PBXContainerItemProxy */;
		};
/* End PBXTargetDependency section */

/* Begin XCBuildConfiguration section */
		04B80C342DC3BC9100F2D29B /* Debug */ = {
			isa = XCBuildConfiguration;
			buildSettings = {
				ALWAYS_SEARCH_USER_PATHS = NO;
				ASSETCATALOG_COMPILER_GENERATE_SWIFT_ASSET_SYMBOL_EXTENSIONS = YES;
				CLANG_ANALYZER_NONNULL = YES;
				CLANG_ANALYZER_NUMBER_OBJECT_CONVERSION = YES_AGGRESSIVE;
				CLANG_CXX_LANGUAGE_STANDARD = "gnu++20";
				CLANG_ENABLE_MODULES = YES;
				CLANG_ENABLE_OBJC_ARC = YES;
				CLANG_ENABLE_OBJC_WEAK = YES;
				CLANG_WARN_BLOCK_CAPTURE_AUTORELEASING = YES;
				CLANG_WARN_BOOL_CONVERSION = YES;
				CLANG_WARN_COMMA = YES;
				CLANG_WARN_CONSTANT_CONVERSION = YES;
				CLANG_WARN_DEPRECATED_OBJC_IMPLEMENTATIONS = YES;
				CLANG_WARN_DIRECT_OBJC_ISA_USAGE = YES_ERROR;
				CLANG_WARN_DOCUMENTATION_COMMENTS = YES;
				CLANG_WARN_EMPTY_BODY = YES;
				CLANG_WARN_ENUM_CONVERSION = YES;
				CLANG_WARN_INFINITE_RECURSION = YES;
				CLANG_WARN_INT_CONVERSION = YES;
				CLANG_WARN_NON_LITERAL_NULL_CONVERSION = YES;
				CLANG_WARN_OBJC_IMPLICIT_RETAIN_SELF = YES;
				CLANG_WARN_OBJC_LITERAL_CONVERSION = YES;
				CLANG_WARN_OBJC_ROOT_CLASS = YES_ERROR;
				CLANG_WARN_QUOTED_INCLUDE_IN_FRAMEWORK_HEADER = YES;
				CLANG_WARN_RANGE_LOOP_ANALYSIS = YES;
				CLANG_WARN_STRICT_PROTOTYPES = YES;
				CLANG_WARN_SUSPICIOUS_MOVE = YES;
				CLANG_WARN_UNGUARDED_AVAILABILITY = YES_AGGRESSIVE;
				CLANG_WARN_UNREACHABLE_CODE = YES;
				CLANG_WARN__DUPLICATE_METHOD_MATCH = YES;
				COPY_PHASE_STRIP = NO;
				DEBUG_INFORMATION_FORMAT = dwarf;
				ENABLE_STRICT_OBJC_MSGSEND = YES;
				ENABLE_TESTABILITY = YES;
				ENABLE_USER_SCRIPT_SANDBOXING = YES;
				GCC_C_LANGUAGE_STANDARD = gnu17;
				GCC_DYNAMIC_NO_PIC = NO;
				GCC_NO_COMMON_BLOCKS = YES;
				GCC_OPTIMIZATION_LEVEL = 0;
				GCC_PREPROCESSOR_DEFINITIONS = (
					"DEBUG=1",
					"$(inherited)",
				);
				GCC_WARN_64_TO_32_BIT_CONVERSION = YES;
				GCC_WARN_ABOUT_RETURN_TYPE = YES_ERROR;
				GCC_WARN_UNDECLARED_SELECTOR = YES;
				GCC_WARN_UNINITIALIZED_AUTOS = YES_AGGRESSIVE;
				GCC_WARN_UNUSED_FUNCTION = YES;
				GCC_WARN_UNUSED_VARIABLE = YES;
				LOCALIZATION_PREFERS_STRING_CATALOGS = YES;
				MTL_ENABLE_DEBUG_INFO = INCLUDE_SOURCE;
				MTL_FAST_MATH = YES;
				ONLY_ACTIVE_ARCH = YES;
				SWIFT_ACTIVE_COMPILATION_CONDITIONS = "DEBUG $(inherited)";
				SWIFT_OPTIMIZATION_LEVEL = "-Onone";
			};
			name = Debug;
		};
		04B80C352DC3BC9100F2D29B /* Release */ = {
			isa = XCBuildConfiguration;
			buildSettings = {
				ALWAYS_SEARCH_USER_PATHS = NO;
				ASSETCATALOG_COMPILER_GENERATE_SWIFT_ASSET_SYMBOL_EXTENSIONS = YES;
				CLANG_ANALYZER_NONNULL = YES;
				CLANG_ANALYZER_NUMBER_OBJECT_CONVERSION = YES_AGGRESSIVE;
				CLANG_CXX_LANGUAGE_STANDARD = "gnu++20";
				CLANG_ENABLE_MODULES = YES;
				CLANG_ENABLE_OBJC_ARC = YES;
				CLANG_ENABLE_OBJC_WEAK = YES;
				CLANG_WARN_BLOCK_CAPTURE_AUTORELEASING = YES;
				CLANG_WARN_BOOL_CONVERSION = YES;
				CLANG_WARN_COMMA = YES;
				CLANG_WARN_CONSTANT_CONVERSION = YES;
				CLANG_WARN_DEPRECATED_OBJC_IMPLEMENTATIONS = YES;
				CLANG_WARN_DIRECT_OBJC_ISA_USAGE = YES_ERROR;
				CLANG_WARN_DOCUMENTATION_COMMENTS = YES;
				CLANG_WARN_EMPTY_BODY = YES;
				CLANG_WARN_ENUM_CONVERSION = YES;
				CLANG_WARN_INFINITE_RECURSION = YES;
				CLANG_WARN_INT_CONVERSION = YES;
				CLANG_WARN_NON_LITERAL_NULL_CONVERSION = YES;
				CLANG_WARN_OBJC_IMPLICIT_RETAIN_SELF = YES;
				CLANG_WARN_OBJC_LITERAL_CONVERSION = YES;
				CLANG_WARN_OBJC_ROOT_CLASS = YES_ERROR;
				CLANG_WARN_QUOTED_INCLUDE_IN_FRAMEWORK_HEADER = YES;
				CLANG_WARN_RANGE_LOOP_ANALYSIS = YES;
				CLANG_WARN_STRICT_PROTOTYPES = YES;
				CLANG_WARN_SUSPICIOUS_MOVE = YES;
				CLANG_WARN_UNGUARDED_AVAILABILITY = YES_AGGRESSIVE;
				CLANG_WARN_UNREACHABLE_CODE = YES;
				CLANG_WARN__DUPLICATE_METHOD_MATCH = YES;
				COPY_PHASE_STRIP = NO;
				DEBUG_INFORMATION_FORMAT = "dwarf-with-dsym";
				ENABLE_NS_ASSERTIONS = NO;
				ENABLE_STRICT_OBJC_MSGSEND = YES;
				ENABLE_USER_SCRIPT_SANDBOXING = YES;
				GCC_C_LANGUAGE_STANDARD = gnu17;
				GCC_NO_COMMON_BLOCKS = YES;
				GCC_WARN_64_TO_32_BIT_CONVERSION = YES;
				GCC_WARN_ABOUT_RETURN_TYPE = YES_ERROR;
				GCC_WARN_UNDECLARED_SELECTOR = YES;
				GCC_WARN_UNINITIALIZED_AUTOS = YES_AGGRESSIVE;
				GCC_WARN_UNUSED_FUNCTION = YES;
				GCC_WARN_UNUSED_VARIABLE = YES;
				LOCALIZATION_PREFERS_STRING_CATALOGS = YES;
				MTL_ENABLE_DEBUG_INFO = NO;
				MTL_FAST_MATH = YES;
				SWIFT_COMPILATION_MODE = wholemodule;
			};
			name = Release;
		};
		04B80C372DC3BC9100F2D29B /* Debug */ = {
			isa = XCBuildConfiguration;
			buildSettings = {
				ASSETCATALOG_COMPILER_APPICON_NAME = AppIcon;
				ASSETCATALOG_COMPILER_GLOBAL_ACCENT_COLOR_NAME = AccentColor;
				CODE_SIGN_ENTITLEMENTS = "TinyTrainer Watch App/TinyTrainer Watch App.entitlements";
				CODE_SIGN_STYLE = Automatic;
				CURRENT_PROJECT_VERSION = 1;
				DEVELOPMENT_TEAM = P7WT48TNAA;
				ENABLE_PREVIEWS = YES;
				GENERATE_INFOPLIST_FILE = YES;
				INFOPLIST_FILE = "TinyTrainer-Watch-App-Info.plist";
				INFOPLIST_KEY_CFBundleDisplayName = TinyTrainer;
				INFOPLIST_KEY_NSHealthShareUsageDescription = "This app reads your activity rings to cheer up your pet!";
				INFOPLIST_KEY_NSHealthUpdateUsageDescription = "This app tracks your movement to interact with your pet.";
				INFOPLIST_KEY_UISupportedInterfaceOrientations = "UIInterfaceOrientationPortrait UIInterfaceOrientationPortraitUpsideDown";
				INFOPLIST_KEY_WKWatchOnly = YES;
				LD_RUNPATH_SEARCH_PATHS = (
					"$(inherited)",
					"@executable_path/Frameworks",
				);
				MARKETING_VERSION = 1.0;
				PRODUCT_BUNDLE_IDENTIFIER = com.nena.test.TinyTrainer.watchkitapp;
				PRODUCT_NAME = "$(TARGET_NAME)";
				SDKROOT = watchos;
				SKIP_INSTALL = YES;
				SWIFT_EMIT_LOC_STRINGS = YES;
				SWIFT_VERSION = 5.0;
				TARGETED_DEVICE_FAMILY = 4;
				WATCHOS_DEPLOYMENT_TARGET = 11.3;
			};
			name = Debug;
		};
		04B80C382DC3BC9100F2D29B /* Release */ = {
			isa = XCBuildConfiguration;
			buildSettings = {
				ASSETCATALOG_COMPILER_APPICON_NAME = AppIcon;
				ASSETCATALOG_COMPILER_GLOBAL_ACCENT_COLOR_NAME = AccentColor;
				CODE_SIGN_ENTITLEMENTS = "TinyTrainer Watch App/TinyTrainer Watch App.entitlements";
				CODE_SIGN_STYLE = Automatic;
				CURRENT_PROJECT_VERSION = 1;
				DEVELOPMENT_TEAM = P7WT48TNAA;
				ENABLE_PREVIEWS = YES;
				GENERATE_INFOPLIST_FILE = YES;
				INFOPLIST_FILE = "TinyTrainer-Watch-App-Info.plist";
				INFOPLIST_KEY_CFBundleDisplayName = TinyTrainer;
				INFOPLIST_KEY_NSHealthShareUsageDescription = "This app reads your activity rings to cheer up your pet!";
				INFOPLIST_KEY_NSHealthUpdateUsageDescription = "This app tracks your movement to interact with your pet.";
				INFOPLIST_KEY_UISupportedInterfaceOrientations = "UIInterfaceOrientationPortrait UIInterfaceOrientationPortraitUpsideDown";
				INFOPLIST_KEY_WKWatchOnly = YES;
				LD_RUNPATH_SEARCH_PATHS = (
					"$(inherited)",
					"@executable_path/Frameworks",
				);
				MARKETING_VERSION = 1.0;
				PRODUCT_BUNDLE_IDENTIFIER = com.nena.test.TinyTrainer.watchkitapp;
				PRODUCT_NAME = "$(TARGET_NAME)";
				SDKROOT = watchos;
				SKIP_INSTALL = YES;
				SWIFT_EMIT_LOC_STRINGS = YES;
				SWIFT_VERSION = 5.0;
				TARGETED_DEVICE_FAMILY = 4;
				VALIDATE_PRODUCT = YES;
				WATCHOS_DEPLOYMENT_TARGET = 11.3;
			};
			name = Release;
		};
		04B80C3B2DC3BC9100F2D29B /* Debug */ = {
			isa = XCBuildConfiguration;
			buildSettings = {
				CODE_SIGN_STYLE = Automatic;
				CURRENT_PROJECT_VERSION = 1;
				DEVELOPMENT_TEAM = P7WT48TNAA;
				INFOPLIST_KEY_CFBundleDisplayName = TinyTrainer;
				MARKETING_VERSION = 1.0;
				PRODUCT_BUNDLE_IDENTIFIER = com.nena.test.TinyTrainer;
				PRODUCT_NAME = "$(TARGET_NAME)";
				SDKROOT = iphoneos;
				SWIFT_VERSION = 5.0;
			};
			name = Debug;
		};
		04B80C3C2DC3BC9100F2D29B /* Release */ = {
			isa = XCBuildConfiguration;
			buildSettings = {
				CODE_SIGN_STYLE = Automatic;
				CURRENT_PROJECT_VERSION = 1;
				DEVELOPMENT_TEAM = P7WT48TNAA;
				INFOPLIST_KEY_CFBundleDisplayName = TinyTrainer;
				MARKETING_VERSION = 1.0;
				PRODUCT_BUNDLE_IDENTIFIER = com.nena.test.TinyTrainer;
				PRODUCT_NAME = "$(TARGET_NAME)";
				SDKROOT = iphoneos;
				SWIFT_VERSION = 5.0;
				VALIDATE_PRODUCT = YES;
			};
			name = Release;
		};
		04B80C3E2DC3BC9100F2D29B /* Debug */ = {
			isa = XCBuildConfiguration;
			buildSettings = {
				BUNDLE_LOADER = "$(TEST_HOST)";
				CODE_SIGN_STYLE = Automatic;
				CURRENT_PROJECT_VERSION = 1;
				DEVELOPMENT_TEAM = P7WT48TNAA;
				GENERATE_INFOPLIST_FILE = YES;
				MARKETING_VERSION = 1.0;
				PRODUCT_BUNDLE_IDENTIFIER = "com.nena.test.TinyTrainer-Watch-AppTests";
				PRODUCT_NAME = "$(TARGET_NAME)";
				SDKROOT = watchos;
				SWIFT_EMIT_LOC_STRINGS = NO;
				SWIFT_VERSION = 5.0;
				TARGETED_DEVICE_FAMILY = 4;
				TEST_HOST = "$(BUILT_PRODUCTS_DIR)/TinyTrainer Watch App.app/$(BUNDLE_EXECUTABLE_FOLDER_PATH)/TinyTrainer Watch App";
				WATCHOS_DEPLOYMENT_TARGET = 11.4;
			};
			name = Debug;
		};
		04B80C3F2DC3BC9100F2D29B /* Release */ = {
			isa = XCBuildConfiguration;
			buildSettings = {
				BUNDLE_LOADER = "$(TEST_HOST)";
				CODE_SIGN_STYLE = Automatic;
				CURRENT_PROJECT_VERSION = 1;
				DEVELOPMENT_TEAM = P7WT48TNAA;
				GENERATE_INFOPLIST_FILE = YES;
				MARKETING_VERSION = 1.0;
				PRODUCT_BUNDLE_IDENTIFIER = "com.nena.test.TinyTrainer-Watch-AppTests";
				PRODUCT_NAME = "$(TARGET_NAME)";
				SDKROOT = watchos;
				SWIFT_EMIT_LOC_STRINGS = NO;
				SWIFT_VERSION = 5.0;
				TARGETED_DEVICE_FAMILY = 4;
				TEST_HOST = "$(BUILT_PRODUCTS_DIR)/TinyTrainer Watch App.app/$(BUNDLE_EXECUTABLE_FOLDER_PATH)/TinyTrainer Watch App";
				VALIDATE_PRODUCT = YES;
				WATCHOS_DEPLOYMENT_TARGET = 11.4;
			};
			name = Release;
		};
		04B80C412DC3BC9100F2D29B /* Debug */ = {
			isa = XCBuildConfiguration;
			buildSettings = {
				CODE_SIGN_STYLE = Automatic;
				CURRENT_PROJECT_VERSION = 1;
				DEVELOPMENT_TEAM = P7WT48TNAA;
				GENERATE_INFOPLIST_FILE = YES;
				MARKETING_VERSION = 1.0;
				PRODUCT_BUNDLE_IDENTIFIER = "com.nena.test.TinyTrainer-Watch-AppUITests";
				PRODUCT_NAME = "$(TARGET_NAME)";
				SDKROOT = watchos;
				SWIFT_EMIT_LOC_STRINGS = NO;
				SWIFT_VERSION = 5.0;
				TARGETED_DEVICE_FAMILY = 4;
				TEST_TARGET_NAME = "TinyTrainer Watch App";
				WATCHOS_DEPLOYMENT_TARGET = 11.4;
			};
			name = Debug;
		};
		04B80C422DC3BC9100F2D29B /* Release */ = {
			isa = XCBuildConfiguration;
			buildSettings = {
				CODE_SIGN_STYLE = Automatic;
				CURRENT_PROJECT_VERSION = 1;
				DEVELOPMENT_TEAM = P7WT48TNAA;
				GENERATE_INFOPLIST_FILE = YES;
				MARKETING_VERSION = 1.0;
				PRODUCT_BUNDLE_IDENTIFIER = "com.nena.test.TinyTrainer-Watch-AppUITests";
				PRODUCT_NAME = "$(TARGET_NAME)";
				SDKROOT = watchos;
				SWIFT_EMIT_LOC_STRINGS = NO;
				SWIFT_VERSION = 5.0;
				TARGETED_DEVICE_FAMILY = 4;
				TEST_TARGET_NAME = "TinyTrainer Watch App";
				VALIDATE_PRODUCT = YES;
				WATCHOS_DEPLOYMENT_TARGET = 11.4;
			};
			name = Release;
		};
/* End XCBuildConfiguration section */

/* Begin XCConfigurationList section */
		04B80C0A2DC3BC8D00F2D29B /* Build configuration list for PBXProject "TinyTrainer" */ = {
			isa = XCConfigurationList;
			buildConfigurations = (
				04B80C342DC3BC9100F2D29B /* Debug */,
				04B80C352DC3BC9100F2D29B /* Release */,
			);
			defaultConfigurationIsVisible = 0;
			defaultConfigurationName = Release;
		};
		04B80C362DC3BC9100F2D29B /* Build configuration list for PBXNativeTarget "TinyTrainer Watch App" */ = {
			isa = XCConfigurationList;
			buildConfigurations = (
				04B80C372DC3BC9100F2D29B /* Debug */,
				04B80C382DC3BC9100F2D29B /* Release */,
			);
			defaultConfigurationIsVisible = 0;
			defaultConfigurationName = Release;
		};
		04B80C3A2DC3BC9100F2D29B /* Build configuration list for PBXNativeTarget "TinyTrainer" */ = {
			isa = XCConfigurationList;
			buildConfigurations = (
				04B80C3B2DC3BC9100F2D29B /* Debug */,
				04B80C3C2DC3BC9100F2D29B /* Release */,
			);
			defaultConfigurationIsVisible = 0;
			defaultConfigurationName = Release;
		};
		04B80C3D2DC3BC9100F2D29B /* Build configuration list for PBXNativeTarget "TinyTrainer Watch AppTests" */ = {
			isa = XCConfigurationList;
			buildConfigurations = (
				04B80C3E2DC3BC9100F2D29B /* Debug */,
				04B80C3F2DC3BC9100F2D29B /* Release */,
			);
			defaultConfigurationIsVisible = 0;
			defaultConfigurationName = Release;
		};
		04B80C402DC3BC9100F2D29B /* Build configuration list for PBXNativeTarget "TinyTrainer Watch AppUITests" */ = {
			isa = XCConfigurationList;
			buildConfigurations = (
				04B80C412DC3BC9100F2D29B /* Debug */,
				04B80C422DC3BC9100F2D29B /* Release */,
			);
			defaultConfigurationIsVisible = 0;
			defaultConfigurationName = Release;
		};
/* End XCConfigurationList section */
	};
	rootObject = 04B80C072DC3BC8D00F2D29B /* Project object */;
}
